// !$*UTF8*$!
{
	archiveVersion = 1;
	classes = {
	};
	objectVersion = 55;
	objects = {

/* Begin PBXBuildFile section */
		195AD5DB28CE4A0A003A3024 /* Alamofire in Frameworks */ = {isa = PBXBuildFile; productRef = 195AD5DA28CE4A0A003A3024 /* Alamofire */; };
		195AD5DE28CE4C69003A3024 /* ApiRequestGet.swift in Sources */ = {isa = PBXBuildFile; fileRef = 195AD5DD28CE4C69003A3024 /* ApiRequestGet.swift */; };
		195AD5E328CE4D30003A3024 /* GetAPIModel.swift in Sources */ = {isa = PBXBuildFile; fileRef = 195AD5E228CE4D30003A3024 /* GetAPIModel.swift */; };
		195AD5E528CE4D74003A3024 /* GetViewModel.swift in Sources */ = {isa = PBXBuildFile; fileRef = 195AD5E428CE4D74003A3024 /* GetViewModel.swift */; };
		195AD5E728CE52B7003A3024 /* PostApiModel.swift in Sources */ = {isa = PBXBuildFile; fileRef = 195AD5E628CE52B7003A3024 /* PostApiModel.swift */; };
		195AD5E928CE52FE003A3024 /* ApiRequestPost.swift in Sources */ = {isa = PBXBuildFile; fileRef = 195AD5E828CE52FE003A3024 /* ApiRequestPost.swift */; };
		195AD5EB28CE533B003A3024 /* PostViewModel.swift in Sources */ = {isa = PBXBuildFile; fileRef = 195AD5EA28CE533B003A3024 /* PostViewModel.swift */; };
		1975CEEF28CF0ABD00F86223 /* createPostView.swift in Sources */ = {isa = PBXBuildFile; fileRef = 1975CEEE28CF0ABD00F86223 /* createPostView.swift */; };
		1975CEF128CF10EB00F86223 /* AppTextField.swift in Sources */ = {isa = PBXBuildFile; fileRef = 1975CEF028CF10EB00F86223 /* AppTextField.swift */; };
		19D6954628CD15BF0079AC94 /* ApiCallGetAndPostApp.swift in Sources */ = {isa = PBXBuildFile; fileRef = 19D6954528CD15BF0079AC94 /* ApiCallGetAndPostApp.swift */; };
		19D6954828CD15BF0079AC94 /* ContentView.swift in Sources */ = {isa = PBXBuildFile; fileRef = 19D6954728CD15BF0079AC94 /* ContentView.swift */; };
		19D6954A28CD15C30079AC94 /* Assets.xcassets in Resources */ = {isa = PBXBuildFile; fileRef = 19D6954928CD15C30079AC94 /* Assets.xcassets */; };
		19D6954D28CD15C30079AC94 /* Preview Assets.xcassets in Resources */ = {isa = PBXBuildFile; fileRef = 19D6954C28CD15C30079AC94 /* Preview Assets.xcassets */; };
/* End PBXBuildFile section */

/* Begin PBXFileReference section */
		195AD5DD28CE4C69003A3024 /* ApiRequestGet.swift */ = {isa = PBXFileReference; lastKnownFileType = sourcecode.swift; path = ApiRequestGet.swift; sourceTree = "<group>"; };
		195AD5E228CE4D30003A3024 /* GetAPIModel.swift */ = {isa = PBXFileReference; lastKnownFileType = sourcecode.swift; path = GetAPIModel.swift; sourceTree = "<group>"; };
		195AD5E428CE4D74003A3024 /* GetViewModel.swift */ = {isa = PBXFileReference; lastKnownFileType = sourcecode.swift; path = GetViewModel.swift; sourceTree = "<group>"; };
		195AD5E628CE52B7003A3024 /* PostApiModel.swift */ = {isa = PBXFileReference; lastKnownFileType = sourcecode.swift; path = PostApiModel.swift; sourceTree = "<group>"; };
		195AD5E828CE52FE003A3024 /* ApiRequestPost.swift */ = {isa = PBXFileReference; lastKnownFileType = sourcecode.swift; path = ApiRequestPost.swift; sourceTree = "<group>"; };
		195AD5EA28CE533B003A3024 /* PostViewModel.swift */ = {isa = PBXFileReference; lastKnownFileType = sourcecode.swift; path = PostViewModel.swift; sourceTree = "<group>"; };
		1975CEEE28CF0ABD00F86223 /* createPostView.swift */ = {isa = PBXFileReference; lastKnownFileType = sourcecode.swift; path = createPostView.swift; sourceTree = "<group>"; };
		1975CEF028CF10EB00F86223 /* AppTextField.swift */ = {isa = PBXFileReference; lastKnownFileType = sourcecode.swift; path = AppTextField.swift; sourceTree = "<group>"; };
		19D6954228CD15BF0079AC94 /* ApiCallGetAndPost.app */ = {isa = PBXFileReference; explicitFileType = wrapper.application; includeInIndex = 0; path = ApiCallGetAndPost.app; sourceTree = BUILT_PRODUCTS_DIR; };
		19D6954528CD15BF0079AC94 /* ApiCallGetAndPostApp.swift */ = {isa = PBXFileReference; lastKnownFileType = sourcecode.swift; path = ApiCallGetAndPostApp.swift; sourceTree = "<group>"; };
		19D6954728CD15BF0079AC94 /* ContentView.swift */ = {isa = PBXFileReference; lastKnownFileType = sourcecode.swift; path = ContentView.swift; sourceTree = "<group>"; };
		19D6954928CD15C30079AC94 /* Assets.xcassets */ = {isa = PBXFileReference; lastKnownFileType = folder.assetcatalog; path = Assets.xcassets; sourceTree = "<group>"; };
		19D6954C28CD15C30079AC94 /* Preview Assets.xcassets */ = {isa = PBXFileReference; lastKnownFileType = folder.assetcatalog; path = "Preview Assets.xcassets"; sourceTree = "<group>"; };
/* End PBXFileReference section */

/* Begin PBXFrameworksBuildPhase section */
		19D6953F28CD15BF0079AC94 /* Frameworks */ = {
			isa = PBXFrameworksBuildPhase;
			buildActionMask = 2147483647;
			files = (
				195AD5DB28CE4A0A003A3024 /* Alamofire in Frameworks */,
			);
			runOnlyForDeploymentPostprocessing = 0;
		};
/* End PBXFrameworksBuildPhase section */

/* Begin PBXGroup section */
		195AD5DC28CE4C50003A3024 /* WebServices */ = {
			isa = PBXGroup;
			children = (
				195AD5DD28CE4C69003A3024 /* ApiRequestGet.swift */,
				195AD5E828CE52FE003A3024 /* ApiRequestPost.swift */,
			);
			path = WebServices;
			sourceTree = "<group>";
		};
		195AD5DF28CE4CED003A3024 /* ViewModel */ = {
			isa = PBXGroup;
			children = (
				195AD5E428CE4D74003A3024 /* GetViewModel.swift */,
				195AD5EA28CE533B003A3024 /* PostViewModel.swift */,
			);
			path = ViewModel;
			sourceTree = "<group>";
		};
		195AD5E028CE4CF8003A3024 /* View */ = {
			isa = PBXGroup;
			children = (
				19D6954728CD15BF0079AC94 /* ContentView.swift */,
				1975CEEE28CF0ABD00F86223 /* createPostView.swift */,
				1975CEF028CF10EB00F86223 /* AppTextField.swift */,
			);
			path = View;
			sourceTree = "<group>";
		};
		195AD5E128CE4D06003A3024 /* Model */ = {
			isa = PBXGroup;
			children = (
				195AD5E228CE4D30003A3024 /* GetAPIModel.swift */,
				195AD5E628CE52B7003A3024 /* PostApiModel.swift */,
			);
			path = Model;
			sourceTree = "<group>";
		};
		19D6953928CD15BF0079AC94 = {
			isa = PBXGroup;
			children = (
				19D6954428CD15BF0079AC94 /* ApiCallGetAndPost */,
				19D6954328CD15BF0079AC94 /* Products */,
			);
			sourceTree = "<group>";
		};
		19D6954328CD15BF0079AC94 /* Products */ = {
			isa = PBXGroup;
			children = (
				19D6954228CD15BF0079AC94 /* ApiCallGetAndPost.app */,
			);
			name = Products;
			sourceTree = "<group>";
		};
		19D6954428CD15BF0079AC94 /* ApiCallGetAndPost */ = {
			isa = PBXGroup;
			children = (
				195AD5E128CE4D06003A3024 /* Model */,
				195AD5E028CE4CF8003A3024 /* View */,
				195AD5DF28CE4CED003A3024 /* ViewModel */,
				195AD5DC28CE4C50003A3024 /* WebServices */,
				19D6954528CD15BF0079AC94 /* ApiCallGetAndPostApp.swift */,
				19D6954928CD15C30079AC94 /* Assets.xcassets */,
				19D6954B28CD15C30079AC94 /* Preview Content */,
			);
			path = ApiCallGetAndPost;
			sourceTree = "<group>";
		};
		19D6954B28CD15C30079AC94 /* Preview Content */ = {
			isa = PBXGroup;
			children = (
				19D6954C28CD15C30079AC94 /* Preview Assets.xcassets */,
			);
			path = "Preview Content";
			sourceTree = "<group>";
		};
/* End PBXGroup section */

/* Begin PBXNativeTarget section */
		19D6954128CD15BF0079AC94 /* ApiCallGetAndPost */ = {
			isa = PBXNativeTarget;
			buildConfigurationList = 19D6955028CD15C30079AC94 /* Build configuration list for PBXNativeTarget "ApiCallGetAndPost" */;
			buildPhases = (
				19D6953E28CD15BF0079AC94 /* Sources */,
				19D6953F28CD15BF0079AC94 /* Frameworks */,
				19D6954028CD15BF0079AC94 /* Resources */,
			);
			buildRules = (
			);
			dependencies = (
			);
			name = ApiCallGetAndPost;
			packageProductDependencies = (
				195AD5DA28CE4A0A003A3024 /* Alamofire */,
			);
			productName = ApiCallGetAndPost;
			productReference = 19D6954228CD15BF0079AC94 /* ApiCallGetAndPost.app */;
			productType = "com.apple.product-type.application";
		};
/* End PBXNativeTarget section */

/* Begin PBXProject section */
		19D6953A28CD15BF0079AC94 /* Project object */ = {
			isa = PBXProject;
			attributes = {
				BuildIndependentTargetsInParallel = 1;
				LastSwiftUpdateCheck = 1320;
				LastUpgradeCheck = 1320;
				TargetAttributes = {
					19D6954128CD15BF0079AC94 = {
						CreatedOnToolsVersion = 13.2.1;
					};
				};
			};
			buildConfigurationList = 19D6953D28CD15BF0079AC94 /* Build configuration list for PBXProject "ApiCallGetAndPost" */;
			compatibilityVersion = "Xcode 13.0";
			developmentRegion = en;
			hasScannedForEncodings = 0;
			knownRegions = (
				en,
				Base,
			);
			mainGroup = 19D6953928CD15BF0079AC94;
			packageReferences = (
				195AD5D928CE4A0A003A3024 /* XCRemoteSwiftPackageReference "Alamofire" */,
			);
			productRefGroup = 19D6954328CD15BF0079AC94 /* Products */;
			projectDirPath = "";
			projectRoot = "";
			targets = (
				19D6954128CD15BF0079AC94 /* ApiCallGetAndPost */,
			);
		};
/* End PBXProject section */

/* Begin PBXResourcesBuildPhase section */
		19D6954028CD15BF0079AC94 /* Resources */ = {
			isa = PBXResourcesBuildPhase;
			buildActionMask = 2147483647;
			files = (
				19D6954D28CD15C30079AC94 /* Preview Assets.xcassets in Resources */,
				19D6954A28CD15C30079AC94 /* Assets.xcassets in Resources */,
			);
			runOnlyForDeploymentPostprocessing = 0;
		};
/* End PBXResourcesBuildPhase section */

/* Begin PBXSourcesBuildPhase section */
		19D6953E28CD15BF0079AC94 /* Sources */ = {
			isa = PBXSourcesBuildPhase;
			buildActionMask = 2147483647;
			files = (
				195AD5EB28CE533B003A3024 /* PostViewModel.swift in Sources */,
				195AD5E528CE4D74003A3024 /* GetViewModel.swift in Sources */,
				195AD5E328CE4D30003A3024 /* GetAPIModel.swift in Sources */,
				195AD5E928CE52FE003A3024 /* ApiRequestPost.swift in Sources */,
				1975CEEF28CF0ABD00F86223 /* createPostView.swift in Sources */,
				195AD5E728CE52B7003A3024 /* PostApiModel.swift in Sources */,
				19D6954828CD15BF0079AC94 /* ContentView.swift in Sources */,
				19D6954628CD15BF0079AC94 /* ApiCallGetAndPostApp.swift in Sources */,
				195AD5DE28CE4C69003A3024 /* ApiRequestGet.swift in Sources */,
				1975CEF128CF10EB00F86223 /* AppTextField.swift in Sources */,
			);
			runOnlyForDeploymentPostprocessing = 0;
		};
/* End PBXSourcesBuildPhase section */

/* Begin XCBuildConfiguration section */
		19D6954E28CD15C30079AC94 /* Debug */ = {
			isa = XCBuildConfiguration;
			buildSettings = {
				ALWAYS_SEARCH_USER_PATHS = NO;
				CLANG_ANALYZER_NONNULL = YES;
				CLANG_ANALYZER_NUMBER_OBJECT_CONVERSION = YES_AGGRESSIVE;
				CLANG_CXX_LANGUAGE_STANDARD = "gnu++17";
				CLANG_CXX_LIBRARY = "libc++";
				CLANG_ENABLE_MODULES = YES;
				CLANG_ENABLE_OBJC_ARC = YES;
				CLANG_ENABLE_OBJC_WEAK = YES;
				CLANG_WARN_BLOCK_CAPTURE_AUTORELEASING = YES;
				CLANG_WARN_BOOL_CONVERSION = YES;
				CLANG_WARN_COMMA = YES;
				CLANG_WARN_CONSTANT_CONVERSION = YES;
				CLANG_WARN_DEPRECATED_OBJC_IMPLEMENTATIONS = YES;
				CLANG_WARN_DIRECT_OBJC_ISA_USAGE = YES_ERROR;
				CLANG_WARN_DOCUMENTATION_COMMENTS = YES;
				CLANG_WARN_EMPTY_BODY = YES;
				CLANG_WARN_ENUM_CONVERSION = YES;
				CLANG_WARN_INFINITE_RECURSION = YES;
				CLANG_WARN_INT_CONVERSION = YES;
				CLANG_WARN_NON_LITERAL_NULL_CONVERSION = YES;
				CLANG_WARN_OBJC_IMPLICIT_RETAIN_SELF = YES;
				CLANG_WARN_OBJC_LITERAL_CONVERSION = YES;
				CLANG_WARN_OBJC_ROOT_CLASS = YES_ERROR;
				CLANG_WARN_QUOTED_INCLUDE_IN_FRAMEWORK_HEADER = YES;
				CLANG_WARN_RANGE_LOOP_ANALYSIS = YES;
				CLANG_WARN_STRICT_PROTOTYPES = YES;
				CLANG_WARN_SUSPICIOUS_MOVE = YES;
				CLANG_WARN_UNGUARDED_AVAILABILITY = YES_AGGRESSIVE;
				CLANG_WARN_UNREACHABLE_CODE = YES;
				CLANG_WARN__DUPLICATE_METHOD_MATCH = YES;
				COPY_PHASE_STRIP = NO;
				DEBUG_INFORMATION_FORMAT = dwarf;
				ENABLE_STRICT_OBJC_MSGSEND = YES;
				ENABLE_TESTABILITY = YES;
				GCC_C_LANGUAGE_STANDARD = gnu11;
				GCC_DYNAMIC_NO_PIC = NO;
				GCC_NO_COMMON_BLOCKS = YES;
				GCC_OPTIMIZATION_LEVEL = 0;
				GCC_PREPROCESSOR_DEFINITIONS = (
					"DEBUG=1",
					"$(inherited)",
				);
				GCC_WARN_64_TO_32_BIT_CONVERSION = YES;
				GCC_WARN_ABOUT_RETURN_TYPE = YES_ERROR;
				GCC_WARN_UNDECLARED_SELECTOR = YES;
				GCC_WARN_UNINITIALIZED_AUTOS = YES_AGGRESSIVE;
				GCC_WARN_UNUSED_FUNCTION = YES;
				GCC_WARN_UNUSED_VARIABLE = YES;
				IPHONEOS_DEPLOYMENT_TARGET = 15.2;
				MTL_ENABLE_DEBUG_INFO = INCLUDE_SOURCE;
				MTL_FAST_MATH = YES;
				ONLY_ACTIVE_ARCH = YES;
				SDKROOT = iphoneos;
				SWIFT_ACTIVE_COMPILATION_CONDITIONS = DEBUG;
				SWIFT_OPTIMIZATION_LEVEL = "-Onone";
			};
			name = Debug;
		};
		19D6954F28CD15C30079AC94 /* Release */ = {
			isa = XCBuildConfiguration;
			buildSettings = {
				ALWAYS_SEARCH_USER_PATHS = NO;
				CLANG_ANALYZER_NONNULL = YES;
				CLANG_ANALYZER_NUMBER_OBJECT_CONVERSION = YES_AGGRESSIVE;
				CLANG_CXX_LANGUAGE_STANDARD = "gnu++17";
				CLANG_CXX_LIBRARY = "libc++";
				CLANG_ENABLE_MODULES = YES;
				CLANG_ENABLE_OBJC_ARC = YES;
				CLANG_ENABLE_OBJC_WEAK = YES;
				CLANG_WARN_BLOCK_CAPTURE_AUTORELEASING = YES;
				CLANG_WARN_BOOL_CONVERSION = YES;
				CLANG_WARN_COMMA = YES;
				CLANG_WARN_CONSTANT_CONVERSION = YES;
				CLANG_WARN_DEPRECATED_OBJC_IMPLEMENTATIONS = YES;
				CLANG_WARN_DIRECT_OBJC_ISA_USAGE = YES_ERROR;
				CLANG_WARN_DOCUMENTATION_COMMENTS = YES;
				CLANG_WARN_EMPTY_BODY = YES;
				CLANG_WARN_ENUM_CONVERSION = YES;
				CLANG_WARN_INFINITE_RECURSION = YES;
				CLANG_WARN_INT_CONVERSION = YES;
				CLANG_WARN_NON_LITERAL_NULL_CONVERSION = YES;
				CLANG_WARN_OBJC_IMPLICIT_RETAIN_SELF = YES;
				CLANG_WARN_OBJC_LITERAL_CONVERSION = YES;
				CLANG_WARN_OBJC_ROOT_CLASS = YES_ERROR;
				CLANG_WARN_QUOTED_INCLUDE_IN_FRAMEWORK_HEADER = YES;
				CLANG_WARN_RANGE_LOOP_ANALYSIS = YES;
				CLANG_WARN_STRICT_PROTOTYPES = YES;
				CLANG_WARN_SUSPICIOUS_MOVE = YES;
				CLANG_WARN_UNGUARDED_AVAILABILITY = YES_AGGRESSIVE;
				CLANG_WARN_UNREACHABLE_CODE = YES;
				CLANG_WARN__DUPLICATE_METHOD_MATCH = YES;
				COPY_PHASE_STRIP = NO;
				DEBUG_INFORMATION_FORMAT = "dwarf-with-dsym";
				ENABLE_NS_ASSERTIONS = NO;
				ENABLE_STRICT_OBJC_MSGSEND = YES;
				GCC_C_LANGUAGE_STANDARD = gnu11;
				GCC_NO_COMMON_BLOCKS = YES;
				GCC_WARN_64_TO_32_BIT_CONVERSION = YES;
				GCC_WARN_ABOUT_RETURN_TYPE = YES_ERROR;
				GCC_WARN_UNDECLARED_SELECTOR = YES;
				GCC_WARN_UNINITIALIZED_AUTOS = YES_AGGRESSIVE;
				GCC_WARN_UNUSED_FUNCTION = YES;
				GCC_WARN_UNUSED_VARIABLE = YES;
				IPHONEOS_DEPLOYMENT_TARGET = 15.2;
				MTL_ENABLE_DEBUG_INFO = NO;
				MTL_FAST_MATH = YES;
				SDKROOT = iphoneos;
				SWIFT_COMPILATION_MODE = wholemodule;
				SWIFT_OPTIMIZATION_LEVEL = "-O";
				VALIDATE_PRODUCT = YES;
			};
			name = Release;
		};
		19D6955128CD15C30079AC94 /* Debug */ = {
			isa = XCBuildConfiguration;
			buildSettings = {
				ASSETCATALOG_COMPILER_APPICON_NAME = AppIcon;
				ASSETCATALOG_COMPILER_GLOBAL_ACCENT_COLOR_NAME = AccentColor;
				CODE_SIGN_STYLE = Automatic;
				CURRENT_PROJECT_VERSION = 1;
				DEVELOPMENT_ASSET_PATHS = "\"ApiCallGetAndPost/Preview Content\"";
				DEVELOPMENT_TEAM = K346988S9T;
				ENABLE_PREVIEWS = YES;
				GENERATE_INFOPLIST_FILE = YES;
				INFOPLIST_KEY_UIApplicationSceneManifest_Generation = YES;
				INFOPLIST_KEY_UIApplicationSupportsIndirectInputEvents = YES;
				INFOPLIST_KEY_UILaunchScreen_Generation = YES;
				INFOPLIST_KEY_UISupportedInterfaceOrientations_iPad = "UIInterfaceOrientationPortrait UIInterfaceOrientationPortraitUpsideDown UIInterfaceOrientationLandscapeLeft UIInterfaceOrientationLandscapeRight";
				INFOPLIST_KEY_UISupportedInterfaceOrientations_iPhone = "UIInterfaceOrientationPortrait UIInterfaceOrientationLandscapeLeft UIInterfaceOrientationLandscapeRight";
				LD_RUNPATH_SEARCH_PATHS = (
					"$(inherited)",
					"@executable_path/Frameworks",
				);
				MARKETING_VERSION = 1.0;
				PRODUCT_BUNDLE_IDENTIFIER = com.mdmarufprodhan.ApiCallGetAndPost;
				PRODUCT_NAME = "$(TARGET_NAME)";
				SWIFT_EMIT_LOC_STRINGS = YES;
				SWIFT_VERSION = 5.0;
				TARGETED_DEVICE_FAMILY = "1,2";
			};
			name = Debug;
		};
		19D6955228CD15C30079AC94 /* Release */ = {
			isa = XCBuildConfiguration;
			buildSettings = {
				ASSETCATALOG_COMPILER_APPICON_NAME = AppIcon;
				ASSETCATALOG_COMPILER_GLOBAL_ACCENT_COLOR_NAME = AccentColor;
				CODE_SIGN_STYLE = Automatic;
				CURRENT_PROJECT_VERSION = 1;
				DEVELOPMENT_ASSET_PATHS = "\"ApiCallGetAndPost/Preview Content\"";
				DEVELOPMENT_TEAM = K346988S9T;
				ENABLE_PREVIEWS = YES;
				GENERATE_INFOPLIST_FILE = YES;
				INFOPLIST_KEY_UIApplicationSceneManifest_Generation = YES;
				INFOPLIST_KEY_UIApplicationSupportsIndirectInputEvents = YES;
				INFOPLIST_KEY_UILaunchScreen_Generation = YES;
				INFOPLIST_KEY_UISupportedInterfaceOrientations_iPad = "UIInterfaceOrientationPortrait UIInterfaceOrientationPortraitUpsideDown UIInterfaceOrientationLandscapeLeft UIInterfaceOrientationLandscapeRight";
				INFOPLIST_KEY_UISupportedInterfaceOrientations_iPhone = "UIInterfaceOrientationPortrait UIInterfaceOrientationLandscapeLeft UIInterfaceOrientationLandscapeRight";
				LD_RUNPATH_SEARCH_PATHS = (
					"$(inherited)",
					"@executable_path/Frameworks",
				);
				MARKETING_VERSION = 1.0;
				PRODUCT_BUNDLE_IDENTIFIER = com.mdmarufprodhan.ApiCallGetAndPost;
				PRODUCT_NAME = "$(TARGET_NAME)";
				SWIFT_EMIT_LOC_STRINGS = YES;
				SWIFT_VERSION = 5.0;
				TARGETED_DEVICE_FAMILY = "1,2";
			};
			name = Release;
		};
/* End XCBuildConfiguration section */

/* Begin XCConfigurationList section */
		19D6953D28CD15BF0079AC94 /* Build configuration list for PBXProject "ApiCallGetAndPost" */ = {
			isa = XCConfigurationList;
			buildConfigurations = (
				19D6954E28CD15C30079AC94 /* Debug */,
				19D6954F28CD15C30079AC94 /* Release */,
			);
			defaultConfigurationIsVisible = 0;
			defaultConfigurationName = Release;
		};
		19D6955028CD15C30079AC94 /* Build configuration list for PBXNativeTarget "ApiCallGetAndPost" */ = {
			isa = XCConfigurationList;
			buildConfigurations = (
				19D6955128CD15C30079AC94 /* Debug */,
				19D6955228CD15C30079AC94 /* Release */,
			);
			defaultConfigurationIsVisible = 0;
			defaultConfigurationName = Release;
		};
/* End XCConfigurationList section */

/* Begin XCRemoteSwiftPackageReference section */
		195AD5D928CE4A0A003A3024 /* XCRemoteSwiftPackageReference "Alamofire" */ = {
			isa = XCRemoteSwiftPackageReference;
			repositoryURL = "https://github.com/Alamofire/Alamofire";
			requirement = {
				branch = master;
				kind = branch;
			};
		};
/* End XCRemoteSwiftPackageReference section */

/* Begin XCSwiftPackageProductDependency section */
		195AD5DA28CE4A0A003A3024 /* Alamofire */ = {
			isa = XCSwiftPackageProductDependency;
			package = 195AD5D928CE4A0A003A3024 /* XCRemoteSwiftPackageReference "Alamofire" */;
			productName = Alamofire;
		};
/* End XCSwiftPackageProductDependency section */
	};
	rootObject = 19D6953A28CD15BF0079AC94 /* Project object */;
}
